
Microsoft Visual Studio Solution File, Format Version 12.00
# Visual Studio Version 16
VisualStudioVersion = 16.0.30204.135
MinimumVisualStudioVersion = 10.0.40219.1
Project("{FAE04EC0-301F-11D3-BF4B-00C04F79EFBC}") = "ConsoleApp1", "ConsoleApp1.csproj", "{B19F4E34-F178-499C-857E-B73973BE58ED}"
EndProject
Global
	GlobalSection(SolutionConfigurationPlatforms) = preSolution
		Debug|Any CPU = Debug|Any CPU
		Release|Any CPU = Release|Any CPU
	EndGlobalSection
	GlobalSection(ProjectConfigurationPlatforms) = postSolution
		{B19F4E34-F178-499C-857E-B73973BE58ED}.Debug|Any CPU.ActiveCfg = Debug|Any CPU
		{B19F4E34-F178-499C-857E-B73973BE58ED}.Debug|Any CPU.Build.0 = Debug|Any CPU
		{B19F4E34-F178-499C-857E-B73973BE58ED}.Release|Any CPU.ActiveCfg = Release|Any CPU
		{B19F4E34-F178-499C-857E-B73973BE58ED}.Release|Any CPU.Build.0 = Release|Any CPU
	EndGlobalSection
	GlobalSection(SolutionProperties) = preSolution
		HideSolutionNode = FALSE
	EndGlobalSection
	GlobalSection(ExtensibilityGlobals) = postSolution
		SolutionGuid = {21810BEB-EDCE-4178-82D3-830E75693910}
	EndGlobalSection
EndGlobal
